
Microsoft Visual Studio Solution File, Format Version 12.00
# Visual Studio Version 17
VisualStudioVersion = 17.14.37301.10 d17.14
MinimumVisualStudioVersion = 10.0.40219.1
Project("{FAE04EC0-301F-11D3-BF4B-00C04F79EFBC}") = "cholk-ak-3221", "cholk-ak-3221\cholk-ak-3221.csproj", "{AC88DB08-EC69-47E9-BA17-EC1C008C6F77}"
EndProject
Global
	GlobalSection(SolutionConfigurationPlatforms) = preSolution
		Debug|Any CPU = Debug|Any CPU
		Release|Any CPU = Release|Any CPU
	EndGlobalSection
	GlobalSection(ProjectConfigurationPlatforms) = postSolution
		{AC88DB08-EC69-47E9-BA17-EC1C008C6F77}.Debug|Any CPU.ActiveCfg = Debug|Any CPU
		{AC88DB08-EC69-47E9-BA17-EC1C008C6F77}.Debug|Any CPU.Build.0 = Debug|Any CPU
		{AC88DB08-EC69-47E9-BA17-EC1C008C6F77}.Release|Any CPU.ActiveCfg = Release|Any CPU
		{AC88DB08-EC69-47E9-BA17-EC1C008C6F77}.Release|Any CPU.Build.0 = Release|Any CPU
	EndGlobalSection
	GlobalSection(SolutionProperties) = preSolution
		HideSolutionNode = FALSE
	EndGlobalSection
	GlobalSection(ExtensibilityGlobals) = postSolution
		SolutionGuid = {580E6D0A-28EB-433B-B20C-4745A05423F4}
	EndGlobalSection
EndGlobal
